
Microsoft Visual Studio Solution File, Format Version 12.00
Project("{FAE04EC0-301F-11D3-BF4B-00C04F79EFBC}") = "Expr11", "Expr11.csproj", "{B8AB319B-5AD7-4BF2-AF06-A0BD548153CD}"
EndProject
Global
	GlobalSection(SolutionConfigurationPlatforms) = preSolution
		Debug|Any CPU = Debug|Any CPU
		Release|Any CPU = Release|Any CPU
	EndGlobalSection
	GlobalSection(ProjectConfigurationPlatforms) = postSolution
		{B8AB319B-5AD7-4BF2-AF06-A0BD548153CD}.Debug|Any CPU.ActiveCfg = Debug|Any CPU
		{B8AB319B-5AD7-4BF2-AF06-A0BD548153CD}.Debug|Any CPU.Build.0 = Debug|Any CPU
		{B8AB319B-5AD7-4BF2-AF06-A0BD548153CD}.Release|Any CPU.ActiveCfg = Release|Any CPU
		{B8AB319B-5AD7-4BF2-AF06-A0BD548153CD}.Release|Any CPU.Build.0 = Release|Any CPU
	EndGlobalSection
EndGlobal
